{
  "name": "miniprogram-3",
  "version": "1.0.0",
  "lockfileVersion": 1,
  "requires": true,
  "dependencies": {
    "@types/wechat-miniprogram": {
      "version": "3.3.0",
      "resolved": "https://registry.npm.taobao.org/@types/wechat-miniprogram/download/@types/wechat-miniprogram-3.3.0.tgz",
      "integrity": "sha1-5WzKPK7MCcdEDqnTzDW5YXvLxVk="
    },
    "lin-ui": {
      "version": "0.9.4",
      "resolved": "https://registry.npm.taobao.org/lin-ui/download/lin-ui-0.9.4.tgz",
      "integrity": "sha1-PzSWGAmqF11Jwy5CRPt9saRkGcw="
    },
    "we-request": {
      "version": "1.4.0",
      "resolved": "https://registry.nlark.com/we-request/download/we-request-1.4.0.tgz",
      "integrity": "sha1-adoIwKxl7pQ5/awK76mPFTGa4Eo=",
      "requires": {
        "@types/wechat-miniprogram": "^3.3.0"
      }
    }
  }
}
